
Microsoft Visual Studio Solution File, Format Version 12.00
# Visual Studio Version 17
VisualStudioVersion = 17.14.36109.1 d17.14
MinimumVisualStudioVersion = 10.0.40219.1
Project("{FAE04EC0-301F-11D3-BF4B-00C04F79EFBC}") = "DTOs", "DTOs\DTOs.csproj", "{7173A108-E2C5-4328-BE86-28565E4A0259}"
EndProject
Project("{2150E333-8FDC-42A3-9474-1A3956D46DE8}") = "0_DTOs", "0_DTOs", "{02EA681E-C7D8-13C7-8484-4AC65E1B71E8}"
EndProject
Project("{2150E333-8FDC-42A3-9474-1A3956D46DE8}") = "1_DataAccess", "1_DataAccess", "{FE7DAA5F-7A22-442F-AC4F-6672E9E4B00C}"
EndProject
Project("{FAE04EC0-301F-11D3-BF4B-00C04F79EFBC}") = "DataAccess", "DataAccess\DataAccess.csproj", "{533DDC7A-DE0E-40FA-B09D-94F607C72451}"
EndProject
Project("{2150E333-8FDC-42A3-9474-1A3956D46DE8}") = "2_CoreApp", "2_CoreApp", "{6E6C38CA-450C-4950-9BF2-043EC1B96B6F}"
EndProject
Project("{FAE04EC0-301F-11D3-BF4B-00C04F79EFBC}") = "CoreApp", "CoreApp\CoreApp.csproj", "{75B4C360-2A60-4FBF-B703-B41A062053AC}"
EndProject
Project("{2150E333-8FDC-42A3-9474-1A3956D46DE8}") = "3_Exceptions", "3_Exceptions", "{F6BD7A91-72DA-49DA-AE34-25EF95ECA4D7}"
EndProject
Project("{FAE04EC0-301F-11D3-BF4B-00C04F79EFBC}") = "ExceptionManager", "ExceptionManager\ExceptionManager.csproj", "{1BE8AEA1-E8A9-4E2F-895D-981A5311A4C9}"
EndProject
Project("{2150E333-8FDC-42A3-9474-1A3956D46DE8}") = "4_WebApi", "4_WebApi", "{D56C7D69-0C6C-4EAD-9A3A-DF5073D7357C}"
EndProject
Project("{FAE04EC0-301F-11D3-BF4B-00C04F79EFBC}") = "WebAPI", "WebAPI\WebAPI.csproj", "{DBB6532A-CDB2-4941-A213-C9820FFD9914}"
EndProject
Project("{2150E333-8FDC-42A3-9474-1A3956D46DE8}") = "5_WebApp", "5_WebApp", "{DBADB106-0757-4EC3-90D7-13921CCF422E}"
EndProject
Project("{FAE04EC0-301F-11D3-BF4B-00C04F79EFBC}") = "WebApp", "WebApp\WebApp.csproj", "{D701A0C6-7280-4DB1-B87D-32B7721C3368}"
EndProject
Project("{2150E333-8FDC-42A3-9474-1A3956D46DE8}") = "99_Testing", "99_Testing", "{F534D159-7B05-46AF-B935-ECF8228363FF}"
EndProject
Project("{FAE04EC0-301F-11D3-BF4B-00C04F79EFBC}") = "Dev Tester", "Dev Tester\Dev Tester.csproj", "{20664BB3-100C-42A6-83F9-6CE74FEC2EB8}"
EndProject
Global
	GlobalSection(SolutionConfigurationPlatforms) = preSolution
		Debug|Any CPU = Debug|Any CPU
		Release|Any CPU = Release|Any CPU
	EndGlobalSection
	GlobalSection(ProjectConfigurationPlatforms) = postSolution
		{7173A108-E2C5-4328-BE86-28565E4A0259}.Debug|Any CPU.ActiveCfg = Debug|Any CPU
		{7173A108-E2C5-4328-BE86-28565E4A0259}.Debug|Any CPU.Build.0 = Debug|Any CPU
		{7173A108-E2C5-4328-BE86-28565E4A0259}.Release|Any CPU.ActiveCfg = Release|Any CPU
		{7173A108-E2C5-4328-BE86-28565E4A0259}.Release|Any CPU.Build.0 = Release|Any CPU
		{533DDC7A-DE0E-40FA-B09D-94F607C72451}.Debug|Any CPU.ActiveCfg = Debug|Any CPU
		{533DDC7A-DE0E-40FA-B09D-94F607C72451}.Debug|Any CPU.Build.0 = Debug|Any CPU
		{533DDC7A-DE0E-40FA-B09D-94F607C72451}.Release|Any CPU.ActiveCfg = Release|Any CPU
		{533DDC7A-DE0E-40FA-B09D-94F607C72451}.Release|Any CPU.Build.0 = Release|Any CPU
		{75B4C360-2A60-4FBF-B703-B41A062053AC}.Debug|Any CPU.ActiveCfg = Debug|Any CPU
		{75B4C360-2A60-4FBF-B703-B41A062053AC}.Debug|Any CPU.Build.0 = Debug|Any CPU
		{75B4C360-2A60-4FBF-B703-B41A062053AC}.Release|Any CPU.ActiveCfg = Release|Any CPU
		{75B4C360-2A60-4FBF-B703-B41A062053AC}.Release|Any CPU.Build.0 = Release|Any CPU
		{1BE8AEA1-E8A9-4E2F-895D-981A5311A4C9}.Debug|Any CPU.ActiveCfg = Debug|Any CPU
		{1BE8AEA1-E8A9-4E2F-895D-981A5311A4C9}.Debug|Any CPU.Build.0 = Debug|Any CPU
		{1BE8AEA1-E8A9-4E2F-895D-981A5311A4C9}.Release|Any CPU.ActiveCfg = Release|Any CPU
		{1BE8AEA1-E8A9-4E2F-895D-981A5311A4C9}.Release|Any CPU.Build.0 = Release|Any CPU
		{DBB6532A-CDB2-4941-A213-C9820FFD9914}.Debug|Any CPU.ActiveCfg = Debug|Any CPU
		{DBB6532A-CDB2-4941-A213-C9820FFD9914}.Debug|Any CPU.Build.0 = Debug|Any CPU
		{DBB6532A-CDB2-4941-A213-C9820FFD9914}.Release|Any CPU.ActiveCfg = Release|Any CPU
		{DBB6532A-CDB2-4941-A213-C9820FFD9914}.Release|Any CPU.Build.0 = Release|Any CPU
		{D701A0C6-7280-4DB1-B87D-32B7721C3368}.Debug|Any CPU.ActiveCfg = Debug|Any CPU
		{D701A0C6-7280-4DB1-B87D-32B7721C3368}.Debug|Any CPU.Build.0 = Debug|Any CPU
		{D701A0C6-7280-4DB1-B87D-32B7721C3368}.Release|Any CPU.ActiveCfg = Release|Any CPU
		{D701A0C6-7280-4DB1-B87D-32B7721C3368}.Release|Any CPU.Build.0 = Release|Any CPU
		{20664BB3-100C-42A6-83F9-6CE74FEC2EB8}.Debug|Any CPU.ActiveCfg = Debug|Any CPU
		{20664BB3-100C-42A6-83F9-6CE74FEC2EB8}.Debug|Any CPU.Build.0 = Debug|Any CPU
		{20664BB3-100C-42A6-83F9-6CE74FEC2EB8}.Release|Any CPU.ActiveCfg = Release|Any CPU
		{20664BB3-100C-42A6-83F9-6CE74FEC2EB8}.Release|Any CPU.Build.0 = Release|Any CPU
	EndGlobalSection
	GlobalSection(SolutionProperties) = preSolution
		HideSolutionNode = FALSE
	EndGlobalSection
	GlobalSection(NestedProjects) = preSolution
		{7173A108-E2C5-4328-BE86-28565E4A0259} = {02EA681E-C7D8-13C7-8484-4AC65E1B71E8}
		{533DDC7A-DE0E-40FA-B09D-94F607C72451} = {FE7DAA5F-7A22-442F-AC4F-6672E9E4B00C}
		{75B4C360-2A60-4FBF-B703-B41A062053AC} = {6E6C38CA-450C-4950-9BF2-043EC1B96B6F}
		{1BE8AEA1-E8A9-4E2F-895D-981A5311A4C9} = {F6BD7A91-72DA-49DA-AE34-25EF95ECA4D7}
		{DBB6532A-CDB2-4941-A213-C9820FFD9914} = {D56C7D69-0C6C-4EAD-9A3A-DF5073D7357C}
		{D701A0C6-7280-4DB1-B87D-32B7721C3368} = {DBADB106-0757-4EC3-90D7-13921CCF422E}
		{20664BB3-100C-42A6-83F9-6CE74FEC2EB8} = {F534D159-7B05-46AF-B935-ECF8228363FF}
	EndGlobalSection
	GlobalSection(ExtensibilityGlobals) = postSolution
		SolutionGuid = {DB5FD803-9CB8-41F0-8146-4CC819B5DE13}
	EndGlobalSection
EndGlobal
